{
  "nodes": {
    "anyrun": {
      "inputs": {
        "flake-parts": "flake-parts",
        "nixpkgs": "nixpkgs",
        "systems": "systems"
      },
      "locked": {
        "lastModified": 1748365336,
        "narHash": "sha256-pg0w4uOZI32dLASD6UbBezeQg5PwOa0GLv7rTwn3VxY=",
        "owner": "Kirottu",
        "repo": "anyrun",
        "rev": "25367153f225a59c5ce5746583e39a71ff052f09",
        "type": "github"
      },
      "original": {
        "owner": "Kirottu",
        "repo": "anyrun",
        "type": "github"
      }
    },
    "catppuccin": {
      "inputs": {
        "nixpkgs": "nixpkgs_2"
      },
      "locked": {
        "lastModified": 1755247639,
        "narHash": "sha256-YBjSqGgNAejwIIqUv+NTYpm+peXLro79qNBi0SF1JqM=",
        "owner": "catppuccin",
        "repo": "nix",
        "rev": "bd14b47481c996e2a5d5e5704d55092edf18e892",
        "type": "github"
      },
      "original": {
        "owner": "catppuccin",
        "repo": "nix",
        "type": "github"
      }
    },
    "flake-parts": {
      "inputs": {
        "nixpkgs-lib": [
          "anyrun",
          "nixpkgs"
        ]
      },
      "locked": {
        "lastModified": 1743550720,
        "narHash": "sha256-hIshGgKZCgWh6AYJpJmRgFdR3WUbkY04o82X05xqQiY=",
        "owner": "hercules-ci",
        "repo": "flake-parts",
        "rev": "c621e8422220273271f52058f618c94e405bb0f5",
        "type": "github"
      },
      "original": {
        "owner": "hercules-ci",
        "repo": "flake-parts",
        "type": "github"
      }
    },
    "flake-utils": {
      "inputs": {
        "systems": "systems_2"
      },
      "locked": {
        "lastModified": 1731533236,
        "narHash": "sha256-l0KFg5HjrsfsO/JpG+r7fRrqm12kzFHyUHqHCVpMMbI=",
        "owner": "numtide",
        "repo": "flake-utils",
        "rev": "11707dc2f618dd54ca8739b309ec4fc024de578b",
        "type": "github"
      },
      "original": {
        "owner": "numtide",
        "repo": "flake-utils",
        "type": "github"
      }
    },
    "home-manager": {
      "inputs": {
        "nixpkgs": "nixpkgs_3"
      },
      "locked": {
        "lastModified": 1755229570,
        "narHash": "sha256-soZegto0xXzG2zYlu/zjknDHv0Z7tRS5EQs+Z/VRTBg=",
        "owner": "nix-community",
        "repo": "home-manager",
        "rev": "11626a4383b458f8dc5ea3237eaa04e8ab1912f3",
        "type": "github"
      },
      "original": {
        "owner": "nix-community",
        "repo": "home-manager",
        "type": "github"
      }
    },
    "monolisa": {
      "inputs": {
        "flake-utils": "flake-utils",
        "nixpkgs": [
          "nixpkgs"
        ]
      },
      "locked": {
        "lastModified": 1755309586,
        "narHash": "sha256-x30RgTlCE4QxtRbDySpYSe15i6Q5A6UOz3DpvV9Adys=",
        "ref": "refs/heads/main",
        "rev": "ffbddc6a07e05493fb8a2787346e981fbfba751b",
        "revCount": 5,
        "type": "git",
        "url": "ssh://git@github.com/wuliuqii/MonoLisa"
      },
      "original": {
        "type": "git",
        "url": "ssh://git@github.com/wuliuqii/MonoLisa"
      }
    },
    "niri": {
      "inputs": {
        "niri-stable": "niri-stable",
        "niri-unstable": "niri-unstable",
        "nixpkgs": "nixpkgs_4",
        "nixpkgs-stable": "nixpkgs-stable",
        "xwayland-satellite-stable": "xwayland-satellite-stable",
        "xwayland-satellite-unstable": "xwayland-satellite-unstable"
      },
      "locked": {
        "lastModified": 1755298974,
        "narHash": "sha256-o4VlsXougS17PX18a9ROIo8STXwrlmRQyRvTY5U5Mlk=",
        "owner": "sodiboo",
        "repo": "niri-flake",
        "rev": "083135e6d0c3d7af636c34602b85cc429aacf93c",
        "type": "github"
      },
      "original": {
        "owner": "sodiboo",
        "repo": "niri-flake",
        "type": "github"
      }
    },
    "niri-stable": {
      "flake": false,
      "locked": {
        "lastModified": 1748151941,
        "narHash": "sha256-z4viQZLgC2bIJ3VrzQnR+q2F3gAOEQpU1H5xHtX/2fs=",
        "owner": "YaLTeR",
        "repo": "niri",
        "rev": "8ba57fcf25d2fc9565131684a839d58703f1dae7",
        "type": "github"
      },
      "original": {
        "owner": "YaLTeR",
        "ref": "v25.05.1",
        "repo": "niri",
        "type": "github"
      }
    },
    "niri-unstable": {
      "flake": false,
      "locked": {
        "lastModified": 1755074352,
        "narHash": "sha256-I+kpboTzfMwRVK76OoTmHStrGuzJPcmvZKxmlmL9q+A=",
        "owner": "YaLTeR",
        "repo": "niri",
        "rev": "af9ce533100b49e8bc879b557ab830f5d3a18805",
        "type": "github"
      },
      "original": {
        "owner": "YaLTeR",
        "repo": "niri",
        "type": "github"
      }
    },
    "nixpkgs": {
      "locked": {
        "lastModified": 1743583204,
        "narHash": "sha256-F7n4+KOIfWrwoQjXrL2wD9RhFYLs2/GGe/MQY1sSdlE=",
        "owner": "NixOS",
        "repo": "nixpkgs",
        "rev": "2c8d3f48d33929642c1c12cd243df4cc7d2ce434",
        "type": "github"
      },
      "original": {
        "owner": "NixOS",
        "ref": "nixos-unstable",
        "repo": "nixpkgs",
        "type": "github"
      }
    },
    "nixpkgs-stable": {
      "locked": {
        "lastModified": 1754937576,
        "narHash": "sha256-3sWA5WJybUE16kIMZ3+uxcxKZY/JRR4DFBqLdSLBo7w=",
        "owner": "NixOS",
        "repo": "nixpkgs",
        "rev": "ddae11e58c0c345bf66efbddbf2192ed0e58f896",
        "type": "github"
      },
      "original": {
        "owner": "NixOS",
        "ref": "nixos-25.05",
        "repo": "nixpkgs",
        "type": "github"
      }
    },
    "nixpkgs_2": {
      "locked": {
        "lastModified": 1755027561,
        "narHash": "sha256-IVft239Bc8p8Dtvf7UAACMG5P3ZV+3/aO28gXpGtMXI=",
        "owner": "NixOS",
        "repo": "nixpkgs",
        "rev": "005433b926e16227259a1843015b5b2b7f7d1fc3",
        "type": "github"
      },
      "original": {
        "owner": "NixOS",
        "ref": "nixos-unstable",
        "repo": "nixpkgs",
        "type": "github"
      }
    },
    "nixpkgs_3": {
      "locked": {
        "lastModified": 1754725699,
        "narHash": "sha256-iAcj9T/Y+3DBy2J0N+yF9XQQQ8IEb5swLFzs23CdP88=",
        "owner": "NixOS",
        "repo": "nixpkgs",
        "rev": "85dbfc7aaf52ecb755f87e577ddbe6dbbdbc1054",
        "type": "github"
      },
      "original": {
        "owner": "NixOS",
        "ref": "nixos-unstable",
        "repo": "nixpkgs",
        "type": "github"
      }
    },
    "nixpkgs_4": {
      "locked": {
        "lastModified": 1755027561,
        "narHash": "sha256-IVft239Bc8p8Dtvf7UAACMG5P3ZV+3/aO28gXpGtMXI=",
        "owner": "NixOS",
        "repo": "nixpkgs",
        "rev": "005433b926e16227259a1843015b5b2b7f7d1fc3",
        "type": "github"
      },
      "original": {
        "owner": "NixOS",
        "ref": "nixos-unstable",
        "repo": "nixpkgs",
        "type": "github"
      }
    },
    "nixpkgs_5": {
      "locked": {
        "lastModified": 1755186698,
        "narHash": "sha256-wNO3+Ks2jZJ4nTHMuks+cxAiVBGNuEBXsT29Bz6HASo=",
        "owner": "nixos",
        "repo": "nixpkgs",
        "rev": "fbcf476f790d8a217c3eab4e12033dc4a0f6d23c",
        "type": "github"
      },
      "original": {
        "owner": "nixos",
        "ref": "nixos-unstable",
        "repo": "nixpkgs",
        "type": "github"
      }
    },
    "quickshell": {
      "inputs": {
        "nixpkgs": [
          "nixpkgs"
        ]
      },
      "locked": {
        "lastModified": 1753595452,
        "narHash": "sha256-vqkSDvh7hWhPvNjMjEDV4KbSCv2jyl2Arh73ZXe274k=",
        "owner": "quickshell-mirror",
        "repo": "quickshell",
        "rev": "a5431dd02dc23d9ef1680e67777fed00fe5f7cda",
        "type": "github"
      },
      "original": {
        "owner": "quickshell-mirror",
        "repo": "quickshell",
        "type": "github"
      }
    },
    "root": {
      "inputs": {
        "anyrun": "anyrun",
        "catppuccin": "catppuccin",
        "home-manager": "home-manager",
        "monolisa": "monolisa",
        "niri": "niri",
        "nixpkgs": "nixpkgs_5",
        "quickshell": "quickshell",
        "sops-nix": "sops-nix"
      }
    },
    "sops-nix": {
      "inputs": {
        "nixpkgs": [
          "nixpkgs"
        ]
      },
      "locked": {
        "lastModified": 1754988908,
        "narHash": "sha256-t+voe2961vCgrzPFtZxha0/kmFSHFobzF00sT8p9h0U=",
        "owner": "Mic92",
        "repo": "sops-nix",
        "rev": "3223c7a92724b5d804e9988c6b447a0d09017d48",
        "type": "github"
      },
      "original": {
        "owner": "Mic92",
        "repo": "sops-nix",
        "type": "github"
      }
    },
    "systems": {
      "locked": {
        "lastModified": 1689347949,
        "narHash": "sha256-12tWmuL2zgBgZkdoB6qXZsgJEH9LR3oUgpaQq2RbI80=",
        "owner": "nix-systems",
        "repo": "default-linux",
        "rev": "31732fcf5e8fea42e59c2488ad31a0e651500f68",
        "type": "github"
      },
      "original": {
        "owner": "nix-systems",
        "repo": "default-linux",
        "type": "github"
      }
    },
    "systems_2": {
      "locked": {
        "lastModified": 1681028828,
        "narHash": "sha256-Vy1rq5AaRuLzOxct8nz4T6wlgyUR7zLU309k9mBC768=",
        "owner": "nix-systems",
        "repo": "default",
        "rev": "da67096a3b9bf56a91d16901293e51ba5b49a27e",
        "type": "github"
      },
      "original": {
        "owner": "nix-systems",
        "repo": "default",
        "type": "github"
      }
    },
    "xwayland-satellite-stable": {
      "flake": false,
      "locked": {
        "lastModified": 1748488455,
        "narHash": "sha256-IiLr1alzKFIy5tGGpDlabQbe6LV1c9ABvkH6T5WmyRI=",
        "owner": "Supreeeme",
        "repo": "xwayland-satellite",
        "rev": "3ba30b149f9eb2bbf42cf4758d2158ca8cceef73",
        "type": "github"
      },
      "original": {
        "owner": "Supreeeme",
        "ref": "v0.6",
        "repo": "xwayland-satellite",
        "type": "github"
      }
    },
    "xwayland-satellite-unstable": {
      "flake": false,
      "locked": {
        "lastModified": 1754533920,
        "narHash": "sha256-fCZ68Yud1sUCq6UNXj0SDyiBgVA8gJUE+14ZFGsFJG8=",
        "owner": "Supreeeme",
        "repo": "xwayland-satellite",
        "rev": "e0d1dad25a158551ab58547b2ece4b7d5a19929c",
        "type": "github"
      },
      "original": {
        "owner": "Supreeeme",
        "repo": "xwayland-satellite",
        "type": "github"
      }
    }
  },
  "root": "root",
  "version": 7
}
