{
  "nodes": {
    "ags": {
      "inputs": {
        "nixpkgs": "nixpkgs"
      },
      "locked": {
        "lastModified": 1715703984,
        "narHash": "sha256-0BZkMui6aCqswMCouvp0G90tAxDOxVnxTvG6TDZsDaI=",
        "owner": "Aylur",
        "repo": "ags",
        "rev": "11150225e62462bcd431d1e55185e810190a730a",
        "type": "github"
      },
      "original": {
        "owner": "Aylur",
        "repo": "ags",
        "type": "github"
      }
    },
    "anyrun": {
      "inputs": {
        "flake-parts": "flake-parts",
        "nixpkgs": "nixpkgs_2",
        "systems": "systems"
      },
      "locked": {
        "lastModified": 1717576207,
        "narHash": "sha256-LU6d1xX7jN1zt10YU7Oym07MtzVfziSmUEznGFdbuaw=",
        "owner": "Kirottu",
        "repo": "anyrun",
        "rev": "7aabad8d5bb7d1bffae903ce86427b888ab824b4",
        "type": "github"
      },
      "original": {
        "owner": "Kirottu",
        "repo": "anyrun",
        "type": "github"
      }
    },
    "anyrun-plugins": {
      "inputs": {
        "flake-parts": "flake-parts_2",
        "nixpkgs": "nixpkgs_3"
      },
      "locked": {
        "lastModified": 1712545524,
        "narHash": "sha256-t96UpZFs//aHPy1m6ZwxolgvIuf6u5xwi8o9hbLiM1M=",
        "owner": "wuliuqii",
        "repo": "anyrun-plugins",
        "rev": "cf8e8e9eedf5af51c6182b96533c4a0e1933c4d3",
        "type": "github"
      },
      "original": {
        "owner": "wuliuqii",
        "repo": "anyrun-plugins",
        "type": "github"
      }
    },
    "flake-compat": {
      "flake": false,
      "locked": {
        "lastModified": 1696426674,
        "narHash": "sha256-kvjfFW7WAETZlt09AgDn1MrtKzP7t90Vf7vypd3OL1U=",
        "owner": "edolstra",
        "repo": "flake-compat",
        "rev": "0f9255e01c2351cc7d116c072cb317785dd33b33",
        "type": "github"
      },
      "original": {
        "owner": "edolstra",
        "repo": "flake-compat",
        "type": "github"
      }
    },
    "flake-compat_2": {
      "flake": false,
      "locked": {
        "lastModified": 1696426674,
        "narHash": "sha256-kvjfFW7WAETZlt09AgDn1MrtKzP7t90Vf7vypd3OL1U=",
        "owner": "edolstra",
        "repo": "flake-compat",
        "rev": "0f9255e01c2351cc7d116c072cb317785dd33b33",
        "type": "github"
      },
      "original": {
        "owner": "edolstra",
        "repo": "flake-compat",
        "type": "github"
      }
    },
    "flake-compat_3": {
      "flake": false,
      "locked": {
        "lastModified": 1673956053,
        "narHash": "sha256-4gtG9iQuiKITOjNQQeQIpoIB6b16fm+504Ch3sNKLd8=",
        "owner": "edolstra",
        "repo": "flake-compat",
        "rev": "35bb57c0c8d8b62bbfd284272c928ceb64ddbde9",
        "type": "github"
      },
      "original": {
        "owner": "edolstra",
        "repo": "flake-compat",
        "type": "github"
      }
    },
    "flake-parts": {
      "inputs": {
        "nixpkgs-lib": [
          "anyrun",
          "nixpkgs"
        ]
      },
      "locked": {
        "lastModified": 1717285511,
        "narHash": "sha256-iKzJcpdXih14qYVcZ9QC9XuZYnPc6T8YImb6dX166kw=",
        "owner": "hercules-ci",
        "repo": "flake-parts",
        "rev": "2a55567fcf15b1b1c7ed712a2c6fadaec7412ea8",
        "type": "github"
      },
      "original": {
        "owner": "hercules-ci",
        "repo": "flake-parts",
        "type": "github"
      }
    },
    "flake-parts_2": {
      "inputs": {
        "nixpkgs-lib": [
          "anyrun-plugins",
          "nixpkgs"
        ]
      },
      "locked": {
        "lastModified": 1701473968,
        "narHash": "sha256-YcVE5emp1qQ8ieHUnxt1wCZCC3ZfAS+SRRWZ2TMda7E=",
        "owner": "hercules-ci",
        "repo": "flake-parts",
        "rev": "34fed993f1674c8d06d58b37ce1e0fe5eebcb9f5",
        "type": "github"
      },
      "original": {
        "owner": "hercules-ci",
        "repo": "flake-parts",
        "type": "github"
      }
    },
    "flake-parts_3": {
      "inputs": {
        "nixpkgs-lib": [
          "neovim-nightly",
          "nixpkgs"
        ]
      },
      "locked": {
        "lastModified": 1717285511,
        "narHash": "sha256-iKzJcpdXih14qYVcZ9QC9XuZYnPc6T8YImb6dX166kw=",
        "owner": "hercules-ci",
        "repo": "flake-parts",
        "rev": "2a55567fcf15b1b1c7ed712a2c6fadaec7412ea8",
        "type": "github"
      },
      "original": {
        "owner": "hercules-ci",
        "repo": "flake-parts",
        "type": "github"
      }
    },
    "flake-parts_4": {
      "inputs": {
        "nixpkgs-lib": [
          "neovim-nightly",
          "hercules-ci-effects",
          "nixpkgs"
        ]
      },
      "locked": {
        "lastModified": 1712014858,
        "narHash": "sha256-sB4SWl2lX95bExY2gMFG5HIzvva5AVMJd4Igm+GpZNw=",
        "owner": "hercules-ci",
        "repo": "flake-parts",
        "rev": "9126214d0a59633752a136528f5f3b9aa8565b7d",
        "type": "github"
      },
      "original": {
        "id": "flake-parts",
        "type": "indirect"
      }
    },
    "flake-utils": {
      "inputs": {
        "systems": "systems_5"
      },
      "locked": {
        "lastModified": 1681202837,
        "narHash": "sha256-H+Rh19JDwRtpVPAWp64F+rlEtxUWBAQW28eAi3SRSzg=",
        "owner": "numtide",
        "repo": "flake-utils",
        "rev": "cfacdce06f30d2b68473a46042957675eebb3401",
        "type": "github"
      },
      "original": {
        "owner": "numtide",
        "repo": "flake-utils",
        "type": "github"
      }
    },
    "git-hooks": {
      "inputs": {
        "flake-compat": "flake-compat_2",
        "gitignore": "gitignore",
        "nixpkgs": [
          "neovim-nightly",
          "nixpkgs"
        ],
        "nixpkgs-stable": [
          "neovim-nightly",
          "nixpkgs"
        ]
      },
      "locked": {
        "lastModified": 1716213921,
        "narHash": "sha256-xrsYFST8ij4QWaV6HEokCUNIZLjjLP1bYC60K8XiBVA=",
        "owner": "cachix",
        "repo": "git-hooks.nix",
        "rev": "0e8fcc54b842ad8428c9e705cb5994eaf05c26a0",
        "type": "github"
      },
      "original": {
        "owner": "cachix",
        "repo": "git-hooks.nix",
        "type": "github"
      }
    },
    "gitignore": {
      "inputs": {
        "nixpkgs": [
          "neovim-nightly",
          "git-hooks",
          "nixpkgs"
        ]
      },
      "locked": {
        "lastModified": 1709087332,
        "narHash": "sha256-HG2cCnktfHsKV0s4XW83gU3F57gaTljL9KNSuG6bnQs=",
        "owner": "hercules-ci",
        "repo": "gitignore.nix",
        "rev": "637db329424fd7e46cf4185293b9cc8c88c95394",
        "type": "github"
      },
      "original": {
        "owner": "hercules-ci",
        "repo": "gitignore.nix",
        "type": "github"
      }
    },
    "hercules-ci-effects": {
      "inputs": {
        "flake-parts": "flake-parts_4",
        "nixpkgs": [
          "neovim-nightly",
          "nixpkgs"
        ]
      },
      "locked": {
        "lastModified": 1713898448,
        "narHash": "sha256-6q6ojsp/Z9P2goqnxyfCSzFOD92T3Uobmj8oVAicUOs=",
        "owner": "hercules-ci",
        "repo": "hercules-ci-effects",
        "rev": "c0302ec12d569532a6b6bd218f698bc402e93adc",
        "type": "github"
      },
      "original": {
        "owner": "hercules-ci",
        "repo": "hercules-ci-effects",
        "type": "github"
      }
    },
    "home-manager": {
      "inputs": {
        "nixpkgs": "nixpkgs_4"
      },
      "locked": {
        "lastModified": 1717525419,
        "narHash": "sha256-5z2422pzWnPXHgq2ms8lcCfttM0dz+hg+x1pCcNkAws=",
        "owner": "nix-community",
        "repo": "home-manager",
        "rev": "a7117efb3725e6197dd95424136f79147aa35e5b",
        "type": "github"
      },
      "original": {
        "owner": "nix-community",
        "repo": "home-manager",
        "type": "github"
      }
    },
    "hyprcursor": {
      "inputs": {
        "hyprlang": [
          "hyprland",
          "hyprlang"
        ],
        "nixpkgs": [
          "hyprland",
          "nixpkgs"
        ],
        "systems": [
          "hyprland",
          "systems"
        ]
      },
      "locked": {
        "lastModified": 1716576411,
        "narHash": "sha256-FIN1wMoyePBTtibCbaeJaoKNLuAYIGwLCWAYC1DJanw=",
        "owner": "hyprwm",
        "repo": "hyprcursor",
        "rev": "57298fc4f13c807e50ada2c986a3114b7fc2e621",
        "type": "github"
      },
      "original": {
        "owner": "hyprwm",
        "repo": "hyprcursor",
        "type": "github"
      }
    },
    "hyprland": {
      "inputs": {
        "hyprcursor": "hyprcursor",
        "hyprlang": "hyprlang",
        "hyprwayland-scanner": "hyprwayland-scanner",
        "nixpkgs": "nixpkgs_5",
        "systems": "systems_2",
        "xdph": "xdph"
      },
      "locked": {
        "lastModified": 1717605046,
        "narHash": "sha256-1oVVblacE6uQztHTTPG6NoUzj5RErIRbmDoVNWnG6xg=",
        "ref": "refs/heads/main",
        "rev": "c95845b1488b4bd63e901cbdc4cb68c27a45971b",
        "revCount": 4766,
        "submodules": true,
        "type": "git",
        "url": "https://github.com/hyprwm/Hyprland"
      },
      "original": {
        "submodules": true,
        "type": "git",
        "url": "https://github.com/hyprwm/Hyprland"
      }
    },
    "hyprland-protocols": {
      "inputs": {
        "nixpkgs": [
          "hyprland",
          "xdph",
          "nixpkgs"
        ],
        "systems": [
          "hyprland",
          "xdph",
          "systems"
        ]
      },
      "locked": {
        "lastModified": 1691753796,
        "narHash": "sha256-zOEwiWoXk3j3+EoF3ySUJmberFewWlagvewDRuWYAso=",
        "owner": "hyprwm",
        "repo": "hyprland-protocols",
        "rev": "0c2ce70625cb30aef199cb388f99e19a61a6ce03",
        "type": "github"
      },
      "original": {
        "owner": "hyprwm",
        "repo": "hyprland-protocols",
        "type": "github"
      }
    },
    "hyprlang": {
      "inputs": {
        "nixpkgs": [
          "hyprland",
          "nixpkgs"
        ],
        "systems": [
          "hyprland",
          "systems"
        ]
      },
      "locked": {
        "lastModified": 1716473782,
        "narHash": "sha256-+qLn4lsHU6iL3+HTo1gTQ1tWzet8K9h+IfVemzEQZj8=",
        "owner": "hyprwm",
        "repo": "hyprlang",
        "rev": "87d5d984109c839482b88b4795db073eb9ed446f",
        "type": "github"
      },
      "original": {
        "owner": "hyprwm",
        "repo": "hyprlang",
        "type": "github"
      }
    },
    "hyprlang_2": {
      "inputs": {
        "nixpkgs": "nixpkgs_6",
        "systems": "systems_3"
      },
      "locked": {
        "lastModified": 1713121246,
        "narHash": "sha256-502X0Q0fhN6tJK7iEUA8CghONKSatW/Mqj4Wappd++0=",
        "owner": "hyprwm",
        "repo": "hyprlang",
        "rev": "78fcaa27ae9e1d782faa3ff06c8ea55ddce63706",
        "type": "github"
      },
      "original": {
        "owner": "hyprwm",
        "repo": "hyprlang",
        "type": "github"
      }
    },
    "hyprpaper": {
      "inputs": {
        "hyprlang": "hyprlang_2",
        "nixpkgs": "nixpkgs_7",
        "systems": "systems_4"
      },
      "locked": {
        "lastModified": 1716658811,
        "narHash": "sha256-tJ/roE0BqzO2Sn73fF+50RpYYrRS5hDCHI8BmiuPMjA=",
        "owner": "hyprwm",
        "repo": "hyprpaper",
        "rev": "2c57525de840e4edada2cfd2924659b80f513ece",
        "type": "github"
      },
      "original": {
        "owner": "hyprwm",
        "repo": "hyprpaper",
        "type": "github"
      }
    },
    "hyprwayland-scanner": {
      "inputs": {
        "nixpkgs": [
          "hyprland",
          "nixpkgs"
        ],
        "systems": [
          "hyprland",
          "systems"
        ]
      },
      "locked": {
        "lastModified": 1716058375,
        "narHash": "sha256-CwjWoVnBZE5SBpRx9dgSQGCr4Goxyfcyv3zZbOhVqzk=",
        "owner": "hyprwm",
        "repo": "hyprwayland-scanner",
        "rev": "3afed4364790aebe0426077631af1e164a9650cc",
        "type": "github"
      },
      "original": {
        "owner": "hyprwm",
        "repo": "hyprwayland-scanner",
        "type": "github"
      }
    },
    "neovim-nightly": {
      "inputs": {
        "flake-compat": "flake-compat",
        "flake-parts": "flake-parts_3",
        "git-hooks": "git-hooks",
        "hercules-ci-effects": "hercules-ci-effects",
        "neovim-src": "neovim-src",
        "nixpkgs": "nixpkgs_8"
      },
      "locked": {
        "lastModified": 1717645050,
        "narHash": "sha256-+hXiY/3szujQ7kYxvK1lAwi7xRr+fPL3T0hUCTFym6s=",
        "owner": "nix-community",
        "repo": "neovim-nightly-overlay",
        "rev": "ce97d77872d10c363414634b885a02890f5d4a78",
        "type": "github"
      },
      "original": {
        "owner": "nix-community",
        "repo": "neovim-nightly-overlay",
        "type": "github"
      }
    },
    "neovim-src": {
      "flake": false,
      "locked": {
        "lastModified": 1717627211,
        "narHash": "sha256-Hyy1FzCHAnYnVPf1Xebwa9P6wicYaemEasgnnHbPAl8=",
        "owner": "neovim",
        "repo": "neovim",
        "rev": "78d3f4742872f535ebc75500afde4858985c40d8",
        "type": "github"
      },
      "original": {
        "owner": "neovim",
        "repo": "neovim",
        "type": "github"
      }
    },
    "nix-minecraft": {
      "inputs": {
        "flake-compat": "flake-compat_3",
        "flake-utils": "flake-utils",
        "nixpkgs": [
          "nixpkgs"
        ]
      },
      "locked": {
        "lastModified": 1717637028,
        "narHash": "sha256-QLHg3C6oj+kLJ9Dg+tNVTUU+kwIfzrwhM04n3Zl2uhI=",
        "owner": "Infinidoge",
        "repo": "nix-minecraft",
        "rev": "e3e4354002c41f8ec7fbd9631ab6c3bdc9b6a593",
        "type": "github"
      },
      "original": {
        "owner": "Infinidoge",
        "repo": "nix-minecraft",
        "type": "github"
      }
    },
    "nixpkgs": {
      "locked": {
        "lastModified": 1708475490,
        "narHash": "sha256-g1v0TsWBQPX97ziznfJdWhgMyMGtoBFs102xSYO4syU=",
        "owner": "NixOS",
        "repo": "nixpkgs",
        "rev": "0e74ca98a74bc7270d28838369593635a5db3260",
        "type": "github"
      },
      "original": {
        "owner": "NixOS",
        "ref": "nixos-unstable",
        "repo": "nixpkgs",
        "type": "github"
      }
    },
    "nixpkgs-stable": {
      "locked": {
        "lastModified": 1717265169,
        "narHash": "sha256-IITcGd6xpNoyq9SZBigCkv4+qMHSqot0RDPR4xsZ2CA=",
        "owner": "NixOS",
        "repo": "nixpkgs",
        "rev": "3b1b4895b2c5f9f5544d02132896aeb9ceea77bc",
        "type": "github"
      },
      "original": {
        "owner": "NixOS",
        "ref": "release-23.11",
        "repo": "nixpkgs",
        "type": "github"
      }
    },
    "nixpkgs_2": {
      "locked": {
        "lastModified": 1717196966,
        "narHash": "sha256-yZKhxVIKd2lsbOqYd5iDoUIwsRZFqE87smE2Vzf6Ck0=",
        "owner": "NixOS",
        "repo": "nixpkgs",
        "rev": "57610d2f8f0937f39dbd72251e9614b1561942d8",
        "type": "github"
      },
      "original": {
        "owner": "NixOS",
        "ref": "nixos-unstable",
        "repo": "nixpkgs",
        "type": "github"
      }
    },
    "nixpkgs_3": {
      "locked": {
        "lastModified": 1702830618,
        "narHash": "sha256-lvhwIvRwhOLgzbRuYkqHy4M5cQHYs4ktL6/hyuBS6II=",
        "owner": "NixOS",
        "repo": "nixpkgs",
        "rev": "91a00709aebb3602f172a0bf47ba1ef013e34835",
        "type": "github"
      },
      "original": {
        "owner": "NixOS",
        "ref": "nixos-unstable",
        "repo": "nixpkgs",
        "type": "github"
      }
    },
    "nixpkgs_4": {
      "locked": {
        "lastModified": 1716948383,
        "narHash": "sha256-SzDKxseEcHR5KzPXLwsemyTR/kaM9whxeiJohbL04rs=",
        "owner": "NixOS",
        "repo": "nixpkgs",
        "rev": "ad57eef4ef0659193044870c731987a6df5cf56b",
        "type": "github"
      },
      "original": {
        "owner": "NixOS",
        "ref": "nixos-unstable",
        "repo": "nixpkgs",
        "type": "github"
      }
    },
    "nixpkgs_5": {
      "locked": {
        "lastModified": 1716330097,
        "narHash": "sha256-8BO3B7e3BiyIDsaKA0tY8O88rClYRTjvAp66y+VBUeU=",
        "owner": "NixOS",
        "repo": "nixpkgs",
        "rev": "5710852ba686cc1fd0d3b8e22b3117d43ba374c2",
        "type": "github"
      },
      "original": {
        "owner": "NixOS",
        "ref": "nixos-unstable",
        "repo": "nixpkgs",
        "type": "github"
      }
    },
    "nixpkgs_6": {
      "locked": {
        "lastModified": 1708475490,
        "narHash": "sha256-g1v0TsWBQPX97ziznfJdWhgMyMGtoBFs102xSYO4syU=",
        "owner": "NixOS",
        "repo": "nixpkgs",
        "rev": "0e74ca98a74bc7270d28838369593635a5db3260",
        "type": "github"
      },
      "original": {
        "owner": "NixOS",
        "ref": "nixos-unstable",
        "repo": "nixpkgs",
        "type": "github"
      }
    },
    "nixpkgs_7": {
      "locked": {
        "lastModified": 1712963716,
        "narHash": "sha256-WKm9CvgCldeIVvRz87iOMi8CFVB1apJlkUT4GGvA0iM=",
        "owner": "NixOS",
        "repo": "nixpkgs",
        "rev": "cfd6b5fc90b15709b780a5a1619695a88505a176",
        "type": "github"
      },
      "original": {
        "owner": "NixOS",
        "ref": "nixos-unstable",
        "repo": "nixpkgs",
        "type": "github"
      }
    },
    "nixpkgs_8": {
      "locked": {
        "lastModified": 1717459389,
        "narHash": "sha256-I8/plBsua4/NZ5bKgj+z7/ThiWuud1YFwLsn1QQ5PgE=",
        "owner": "NixOS",
        "repo": "nixpkgs",
        "rev": "3b01abcc24846ae49957b30f4345bab4b3f1d14b",
        "type": "github"
      },
      "original": {
        "owner": "NixOS",
        "ref": "nixpkgs-unstable",
        "repo": "nixpkgs",
        "type": "github"
      }
    },
    "nixpkgs_9": {
      "locked": {
        "lastModified": 1717459389,
        "narHash": "sha256-I8/plBsua4/NZ5bKgj+z7/ThiWuud1YFwLsn1QQ5PgE=",
        "owner": "nixos",
        "repo": "nixpkgs",
        "rev": "3b01abcc24846ae49957b30f4345bab4b3f1d14b",
        "type": "github"
      },
      "original": {
        "owner": "nixos",
        "ref": "nixpkgs-unstable",
        "repo": "nixpkgs",
        "type": "github"
      }
    },
    "root": {
      "inputs": {
        "ags": "ags",
        "anyrun": "anyrun",
        "anyrun-plugins": "anyrun-plugins",
        "home-manager": "home-manager",
        "hyprland": "hyprland",
        "hyprpaper": "hyprpaper",
        "neovim-nightly": "neovim-nightly",
        "nix-minecraft": "nix-minecraft",
        "nixpkgs": "nixpkgs_9",
        "sops-nix": "sops-nix"
      }
    },
    "sops-nix": {
      "inputs": {
        "nixpkgs": [
          "nixpkgs"
        ],
        "nixpkgs-stable": "nixpkgs-stable"
      },
      "locked": {
        "lastModified": 1717455931,
        "narHash": "sha256-8Q6mKSsto8gaGczXd4G0lvawdAYLa5Dlh3/g4hl5CaM=",
        "owner": "Mic92",
        "repo": "sops-nix",
        "rev": "d4555e80d80d2fa77f0a44201ca299f9602492a0",
        "type": "github"
      },
      "original": {
        "owner": "Mic92",
        "repo": "sops-nix",
        "type": "github"
      }
    },
    "systems": {
      "locked": {
        "lastModified": 1689347949,
        "narHash": "sha256-12tWmuL2zgBgZkdoB6qXZsgJEH9LR3oUgpaQq2RbI80=",
        "owner": "nix-systems",
        "repo": "default-linux",
        "rev": "31732fcf5e8fea42e59c2488ad31a0e651500f68",
        "type": "github"
      },
      "original": {
        "owner": "nix-systems",
        "repo": "default-linux",
        "type": "github"
      }
    },
    "systems_2": {
      "locked": {
        "lastModified": 1689347949,
        "narHash": "sha256-12tWmuL2zgBgZkdoB6qXZsgJEH9LR3oUgpaQq2RbI80=",
        "owner": "nix-systems",
        "repo": "default-linux",
        "rev": "31732fcf5e8fea42e59c2488ad31a0e651500f68",
        "type": "github"
      },
      "original": {
        "owner": "nix-systems",
        "repo": "default-linux",
        "type": "github"
      }
    },
    "systems_3": {
      "locked": {
        "lastModified": 1689347949,
        "narHash": "sha256-12tWmuL2zgBgZkdoB6qXZsgJEH9LR3oUgpaQq2RbI80=",
        "owner": "nix-systems",
        "repo": "default-linux",
        "rev": "31732fcf5e8fea42e59c2488ad31a0e651500f68",
        "type": "github"
      },
      "original": {
        "owner": "nix-systems",
        "repo": "default-linux",
        "type": "github"
      }
    },
    "systems_4": {
      "locked": {
        "lastModified": 1689347949,
        "narHash": "sha256-12tWmuL2zgBgZkdoB6qXZsgJEH9LR3oUgpaQq2RbI80=",
        "owner": "nix-systems",
        "repo": "default-linux",
        "rev": "31732fcf5e8fea42e59c2488ad31a0e651500f68",
        "type": "github"
      },
      "original": {
        "owner": "nix-systems",
        "repo": "default-linux",
        "type": "github"
      }
    },
    "systems_5": {
      "locked": {
        "lastModified": 1681028828,
        "narHash": "sha256-Vy1rq5AaRuLzOxct8nz4T6wlgyUR7zLU309k9mBC768=",
        "owner": "nix-systems",
        "repo": "default",
        "rev": "da67096a3b9bf56a91d16901293e51ba5b49a27e",
        "type": "github"
      },
      "original": {
        "owner": "nix-systems",
        "repo": "default",
        "type": "github"
      }
    },
    "xdph": {
      "inputs": {
        "hyprland-protocols": "hyprland-protocols",
        "hyprlang": [
          "hyprland",
          "hyprlang"
        ],
        "nixpkgs": [
          "hyprland",
          "nixpkgs"
        ],
        "systems": [
          "hyprland",
          "systems"
        ]
      },
      "locked": {
        "lastModified": 1716290197,
        "narHash": "sha256-1u9Exrc7yx9qtES2brDh7/DDZ8w8ap1nboIOAtCgeuM=",
        "owner": "hyprwm",
        "repo": "xdg-desktop-portal-hyprland",
        "rev": "91e48d6acd8a5a611d26f925e51559ab743bc438",
        "type": "github"
      },
      "original": {
        "owner": "hyprwm",
        "repo": "xdg-desktop-portal-hyprland",
        "type": "github"
      }
    }
  },
  "root": "root",
  "version": 7
}
